// !$*UTF8*$!
{
	archiveVersion = 1;
	classes = {
	};
	objectVersion = 56;
	objects = {

/* Begin PBXBuildFile section */
		2A3F40B729924F8F001BA2BB /* AppDelegate.m in Sources */ = {isa = PBXBuildFile; fileRef = 2A3F40B629924F8F001BA2BB /* AppDelegate.m */; };
		2A3F40BA29924F8F001BA2BB /* SceneDelegate.m in Sources */ = {isa = PBXBuildFile; fileRef = 2A3F40B929924F8F001BA2BB /* SceneDelegate.m */; };
		2A3F40BD29924F8F001BA2BB /* ViewController.m in Sources */ = {isa = PBXBuildFile; fileRef = 2A3F40BC29924F8F001BA2BB /* ViewController.m */; };
		2A3F40C029924F8F001BA2BB /* Main.storyboard in Resources */ = {isa = PBXBuildFile; fileRef = 2A3F40BE29924F8F001BA2BB /* Main.storyboard */; };
		2A3F40C229924F91001BA2BB /* Assets.xcassets in Resources */ = {isa = PBXBuildFile; fileRef = 2A3F40C129924F91001BA2BB /* Assets.xcassets */; };
		2A3F40C529924F91001BA2BB /* LaunchScreen.storyboard in Resources */ = {isa = PBXBuildFile; fileRef = 2A3F40C329924F91001BA2BB /* LaunchScreen.storyboard */; };
		2A3F40C829924F91001BA2BB /* main.m in Sources */ = {isa = PBXBuildFile; fileRef = 2A3F40C729924F91001BA2BB /* main.m */; };
		2A3F40D229924F91001BA2BB /* iOSGCDTests.m in Sources */ = {isa = PBXBuildFile; fileRef = 2A3F40D129924F91001BA2BB /* iOSGCDTests.m */; };
		2A3F40DC29924F91001BA2BB /* iOSGCDUITests.m in Sources */ = {isa = PBXBuildFile; fileRef = 2A3F40DB29924F91001BA2BB /* iOSGCDUITests.m */; };
		2A3F40DE29924F91001BA2BB /* iOSGCDUITestsLaunchTests.m in Sources */ = {isa = PBXBuildFile; fileRef = 2A3F40DD29924F91001BA2BB /* iOSGCDUITestsLaunchTests.m */; };
/* End PBXBuildFile section */

/* Begin PBXContainerItemProxy section */
		2A3F40CE29924F91001BA2BB /* PBXContainerItemProxy */ = {
			isa = PBXContainerItemProxy;
			containerPortal = 2A3F40AA29924F8F001BA2BB /* Project object */;
			proxyType = 1;
			remoteGlobalIDString = 2A3F40B129924F8F001BA2BB;
			remoteInfo = iOSGCD;
		};
		2A3F40D829924F91001BA2BB /* PBXContainerItemProxy */ = {
			isa = PBXContainerItemProxy;
			containerPortal = 2A3F40AA29924F8F001BA2BB /* Project object */;
			proxyType = 1;
			remoteGlobalIDString = 2A3F40B129924F8F001BA2BB;
			remoteInfo = iOSGCD;
		};
/* End PBXContainerItemProxy section */

/* Begin PBXFileReference section */
		2A3F40B229924F8F001BA2BB /* iOSGCD.app */ = {isa = PBXFileReference; explicitFileType = wrapper.application; includeInIndex = 0; path = iOSGCD.app; sourceTree = BUILT_PRODUCTS_DIR; };
		2A3F40B529924F8F001BA2BB /* AppDelegate.h */ = {isa = PBXFileReference; lastKnownFileType = sourcecode.c.h; path = AppDelegate.h; sourceTree = "<group>"; };
		2A3F40B629924F8F001BA2BB /* AppDelegate.m */ = {isa = PBXFileReference; lastKnownFileType = sourcecode.c.objc; path = AppDelegate.m; sourceTree = "<group>"; };
		2A3F40B829924F8F001BA2BB /* SceneDelegate.h */ = {isa = PBXFileReference; lastKnownFileType = sourcecode.c.h; path = SceneDelegate.h; sourceTree = "<group>"; };
		2A3F40B929924F8F001BA2BB /* SceneDelegate.m */ = {isa = PBXFileReference; lastKnownFileType = sourcecode.c.objc; path = SceneDelegate.m; sourceTree = "<group>"; };
		2A3F40BB29924F8F001BA2BB /* ViewController.h */ = {isa = PBXFileReference; lastKnownFileType = sourcecode.c.h; path = ViewController.h; sourceTree = "<group>"; };
		2A3F40BC29924F8F001BA2BB /* ViewController.m */ = {isa = PBXFileReference; lastKnownFileType = sourcecode.c.objc; path = ViewController.m; sourceTree = "<group>"; };
		2A3F40BF29924F8F001BA2BB /* Base */ = {isa = PBXFileReference; lastKnownFileType = file.storyboard; name = Base; path = Base.lproj/Main.storyboard; sourceTree = "<group>"; };
		2A3F40C129924F91001BA2BB /* Assets.xcassets */ = {isa = PBXFileReference; lastKnownFileType = folder.assetcatalog; path = Assets.xcassets; sourceTree = "<group>"; };
		2A3F40C429924F91001BA2BB /* Base */ = {isa = PBXFileReference; lastKnownFileType = file.storyboard; name = Base; path = Base.lproj/LaunchScreen.storyboard; sourceTree = "<group>"; };
		2A3F40C629924F91001BA2BB /* Info.plist */ = {isa = PBXFileReference; lastKnownFileType = text.plist.xml; path = Info.plist; sourceTree = "<group>"; };
		2A3F40C729924F91001BA2BB /* main.m */ = {isa = PBXFileReference; lastKnownFileType = sourcecode.c.objc; path = main.m; sourceTree = "<group>"; };
		2A3F40CD29924F91001BA2BB /* iOSGCDTests.xctest */ = {isa = PBXFileReference; explicitFileType = wrapper.cfbundle; includeInIndex = 0; path = iOSGCDTests.xctest; sourceTree = BUILT_PRODUCTS_DIR; };
		2A3F40D129924F91001BA2BB /* iOSGCDTests.m */ = {isa = PBXFileReference; lastKnownFileType = sourcecode.c.objc; path = iOSGCDTests.m; sourceTree = "<group>"; };
		2A3F40D729924F91001BA2BB /* iOSGCDUITests.xctest */ = {isa = PBXFileReference; explicitFileType = wrapper.cfbundle; includeInIndex = 0; path = iOSGCDUITests.xctest; sourceTree = BUILT_PRODUCTS_DIR; };
		2A3F40DB29924F91001BA2BB /* iOSGCDUITests.m */ = {isa = PBXFileReference; lastKnownFileType = sourcecode.c.objc; path = iOSGCDUITests.m; sourceTree = "<group>"; };
		2A3F40DD29924F91001BA2BB /* iOSGCDUITestsLaunchTests.m */ = {isa = PBXFileReference; lastKnownFileType = sourcecode.c.objc; path = iOSGCDUITestsLaunchTests.m; sourceTree = "<group>"; };
/* End PBXFileReference section */

/* Begin PBXFrameworksBuildPhase section */
		2A3F40AF29924F8F001BA2BB /* Frameworks */ = {
			isa = PBXFrameworksBuildPhase;
			buildActionMask = 2147483647;
			files = (
			);
			runOnlyForDeploymentPostprocessing = 0;
		};
		2A3F40CA29924F91001BA2BB /* Frameworks */ = {
			isa = PBXFrameworksBuildPhase;
			buildActionMask = 2147483647;
			files = (
			);
			runOnlyForDeploymentPostprocessing = 0;
		};
		2A3F40D429924F91001BA2BB /* Frameworks */ = {
			isa = PBXFrameworksBuildPhase;
			buildActionMask = 2147483647;
			files = (
			);
			runOnlyForDeploymentPostprocessing = 0;
		};
/* End PBXFrameworksBuildPhase section */

/* Begin PBXGroup section */
		2A3F40A929924F8F001BA2BB = {
			isa = PBXGroup;
			children = (
				2A3F40B429924F8F001BA2BB /* iOSGCD */,
				2A3F40D029924F91001BA2BB /* iOSGCDTests */,
				2A3F40DA29924F91001BA2BB /* iOSGCDUITests */,
				2A3F40B329924F8F001BA2BB /* Products */,
			);
			sourceTree = "<group>";
		};
		2A3F40B329924F8F001BA2BB /* Products */ = {
			isa = PBXGroup;
			children = (
				2A3F40B229924F8F001BA2BB /* iOSGCD.app */,
				2A3F40CD29924F91001BA2BB /* iOSGCDTests.xctest */,
				2A3F40D729924F91001BA2BB /* iOSGCDUITests.xctest */,
			);
			name = Products;
			sourceTree = "<group>";
		};
		2A3F40B429924F8F001BA2BB /* iOSGCD */ = {
			isa = PBXGroup;
			children = (
				2A3F40B529924F8F001BA2BB /* AppDelegate.h */,
				2A3F40B629924F8F001BA2BB /* AppDelegate.m */,
				2A3F40B829924F8F001BA2BB /* SceneDelegate.h */,
				2A3F40B929924F8F001BA2BB /* SceneDelegate.m */,
				2A3F40BB29924F8F001BA2BB /* ViewController.h */,
				2A3F40BC29924F8F001BA2BB /* ViewController.m */,
				2A3F40BE29924F8F001BA2BB /* Main.storyboard */,
				2A3F40C129924F91001BA2BB /* Assets.xcassets */,
				2A3F40C329924F91001BA2BB /* LaunchScreen.storyboard */,
				2A3F40C629924F91001BA2BB /* Info.plist */,
				2A3F40C729924F91001BA2BB /* main.m */,
			);
			path = iOSGCD;
			sourceTree = "<group>";
		};
		2A3F40D029924F91001BA2BB /* iOSGCDTests */ = {
			isa = PBXGroup;
			children = (
				2A3F40D129924F91001BA2BB /* iOSGCDTests.m */,
			);
			path = iOSGCDTests;
			sourceTree = "<group>";
		};
		2A3F40DA29924F91001BA2BB /* iOSGCDUITests */ = {
			isa = PBXGroup;
			children = (
				2A3F40DB29924F91001BA2BB /* iOSGCDUITests.m */,
				2A3F40DD29924F91001BA2BB /* iOSGCDUITestsLaunchTests.m */,
			);
			path = iOSGCDUITests;
			sourceTree = "<group>";
		};
/* End PBXGroup section */

/* Begin PBXNativeTarget section */
		2A3F40B129924F8F001BA2BB /* iOSGCD */ = {
			isa = PBXNativeTarget;
			buildConfigurationList = 2A3F40E129924F91001BA2BB /* Build configuration list for PBXNativeTarget "iOSGCD" */;
			buildPhases = (
				2A3F40AE29924F8F001BA2BB /* Sources */,
				2A3F40AF29924F8F001BA2BB /* Frameworks */,
				2A3F40B029924F8F001BA2BB /* Resources */,
			);
			buildRules = (
			);
			dependencies = (
			);
			name = iOSGCD;
			productName = iOSGCD;
			productReference = 2A3F40B229924F8F001BA2BB /* iOSGCD.app */;
			productType = "com.apple.product-type.application";
		};
		2A3F40CC29924F91001BA2BB /* iOSGCDTests */ = {
			isa = PBXNativeTarget;
			buildConfigurationList = 2A3F40E429924F91001BA2BB /* Build configuration list for PBXNativeTarget "iOSGCDTests" */;
			buildPhases = (
				2A3F40C929924F91001BA2BB /* Sources */,
				2A3F40CA29924F91001BA2BB /* Frameworks */,
				2A3F40CB29924F91001BA2BB /* Resources */,
			);
			buildRules = (
			);
			dependencies = (
				2A3F40CF29924F91001BA2BB /* PBXTargetDependency */,
			);
			name = iOSGCDTests;
			productName = iOSGCDTests;
			productReference = 2A3F40CD29924F91001BA2BB /* iOSGCDTests.xctest */;
			productType = "com.apple.product-type.bundle.unit-test";
		};
		2A3F40D629924F91001BA2BB /* iOSGCDUITests */ = {
			isa = PBXNativeTarget;
			buildConfigurationList = 2A3F40E729924F91001BA2BB /* Build configuration list for PBXNativeTarget "iOSGCDUITests" */;
			buildPhases = (
				2A3F40D329924F91001BA2BB /* Sources */,
				2A3F40D429924F91001BA2BB /* Frameworks */,
				2A3F40D529924F91001BA2BB /* Resources */,
			);
			buildRules = (
			);
			dependencies = (
				2A3F40D929924F91001BA2BB /* PBXTargetDependency */,
			);
			name = iOSGCDUITests;
			productName = iOSGCDUITests;
			productReference = 2A3F40D729924F91001BA2BB /* iOSGCDUITests.xctest */;
			productType = "com.apple.product-type.bundle.ui-testing";
		};
/* End PBXNativeTarget section */

/* Begin PBXProject section */
		2A3F40AA29924F8F001BA2BB /* Project object */ = {
			isa = PBXProject;
			attributes = {
				BuildIndependentTargetsInParallel = 1;
				LastUpgradeCheck = 1420;
				TargetAttributes = {
					2A3F40B129924F8F001BA2BB = {
						CreatedOnToolsVersion = 14.2;
					};
					2A3F40CC29924F91001BA2BB = {
						CreatedOnToolsVersion = 14.2;
						TestTargetID = 2A3F40B129924F8F001BA2BB;
					};
					2A3F40D629924F91001BA2BB = {
						CreatedOnToolsVersion = 14.2;
						TestTargetID = 2A3F40B129924F8F001BA2BB;
					};
				};
			};
			buildConfigurationList = 2A3F40AD29924F8F001BA2BB /* Build configuration list for PBXProject "iOSGCD" */;
			compatibilityVersion = "Xcode 14.0";
			developmentRegion = en;
			hasScannedForEncodings = 0;
			knownRegions = (
				en,
				Base,
			);
			mainGroup = 2A3F40A929924F8F001BA2BB;
			productRefGroup = 2A3F40B329924F8F001BA2BB /* Products */;
			projectDirPath = "";
			projectRoot = "";
			targets = (
				2A3F40B129924F8F001BA2BB /* iOSGCD */,
				2A3F40CC29924F91001BA2BB /* iOSGCDTests */,
				2A3F40D629924F91001BA2BB /* iOSGCDUITests */,
			);
		};
/* End PBXProject section */

/* Begin PBXResourcesBuildPhase section */
		2A3F40B029924F8F001BA2BB /* Resources */ = {
			isa = PBXResourcesBuildPhase;
			buildActionMask = 2147483647;
			files = (
				2A3F40C529924F91001BA2BB /* LaunchScreen.storyboard in Resources */,
				2A3F40C229924F91001BA2BB /* Assets.xcassets in Resources */,
				2A3F40C029924F8F001BA2BB /* Main.storyboard in Resources */,
			);
			runOnlyForDeploymentPostprocessing = 0;
		};
		2A3F40CB29924F91001BA2BB /* Resources */ = {
			isa = PBXResourcesBuildPhase;
			buildActionMask = 2147483647;
			files = (
			);
			runOnlyForDeploymentPostprocessing = 0;
		};
		2A3F40D529924F91001BA2BB /* Resources */ = {
			isa = PBXResourcesBuildPhase;
			buildActionMask = 2147483647;
			files = (
			);
			runOnlyForDeploymentPostprocessing = 0;
		};
/* End PBXResourcesBuildPhase section */

/* Begin PBXSourcesBuildPhase section */
		2A3F40AE29924F8F001BA2BB /* Sources */ = {
			isa = PBXSourcesBuildPhase;
			buildActionMask = 2147483647;
			files = (
				2A3F40BD29924F8F001BA2BB /* ViewController.m in Sources */,
				2A3F40B729924F8F001BA2BB /* AppDelegate.m in Sources */,
				2A3F40C829924F91001BA2BB /* main.m in Sources */,
				2A3F40BA29924F8F001BA2BB /* SceneDelegate.m in Sources */,
			);
			runOnlyForDeploymentPostprocessing = 0;
		};
		2A3F40C929924F91001BA2BB /* Sources */ = {
			isa = PBXSourcesBuildPhase;
			buildActionMask = 2147483647;
			files = (
				2A3F40D229924F91001BA2BB /* iOSGCDTests.m in Sources */,
			);
			runOnlyForDeploymentPostprocessing = 0;
		};
		2A3F40D329924F91001BA2BB /* Sources */ = {
			isa = PBXSourcesBuildPhase;
			buildActionMask = 2147483647;
			files = (
				2A3F40DC29924F91001BA2BB /* iOSGCDUITests.m in Sources */,
				2A3F40DE29924F91001BA2BB /* iOSGCDUITestsLaunchTests.m in Sources */,
			);
			runOnlyForDeploymentPostprocessing = 0;
		};
/* End PBXSourcesBuildPhase section */

/* Begin PBXTargetDependency section */
		2A3F40CF29924F91001BA2BB /* PBXTargetDependency */ = {
			isa = PBXTargetDependency;
			target = 2A3F40B129924F8F001BA2BB /* iOSGCD */;
			targetProxy = 2A3F40CE29924F91001BA2BB /* PBXContainerItemProxy */;
		};
		2A3F40D929924F91001BA2BB /* PBXTargetDependency */ = {
			isa = PBXTargetDependency;
			target = 2A3F40B129924F8F001BA2BB /* iOSGCD */;
			targetProxy = 2A3F40D829924F91001BA2BB /* PBXContainerItemProxy */;
		};
/* End PBXTargetDependency section */

/* Begin PBXVariantGroup section */
		2A3F40BE29924F8F001BA2BB /* Main.storyboard */ = {
			isa = PBXVariantGroup;
			children = (
				2A3F40BF29924F8F001BA2BB /* Base */,
			);
			name = Main.storyboard;
			sourceTree = "<group>";
		};
		2A3F40C329924F91001BA2BB /* LaunchScreen.storyboard */ = {
			isa = PBXVariantGroup;
			children = (
				2A3F40C429924F91001BA2BB /* Base */,
			);
			name = LaunchScreen.storyboard;
			sourceTree = "<group>";
		};
/* End PBXVariantGroup section */

/* Begin XCBuildConfiguration section */
		2A3F40DF29924F91001BA2BB /* Debug */ = {
			isa = XCBuildConfiguration;
			buildSettings = {
				ALWAYS_SEARCH_USER_PATHS = NO;
				CLANG_ANALYZER_NONNULL = YES;
				CLANG_ANALYZER_NUMBER_OBJECT_CONVERSION = YES_AGGRESSIVE;
				CLANG_CXX_LANGUAGE_STANDARD = "gnu++20";
				CLANG_ENABLE_MODULES = YES;
				CLANG_ENABLE_OBJC_ARC = YES;
				CLANG_ENABLE_OBJC_WEAK = YES;
				CLANG_WARN_BLOCK_CAPTURE_AUTORELEASING = YES;
				CLANG_WARN_BOOL_CONVERSION = YES;
				CLANG_WARN_COMMA = YES;
				CLANG_WARN_CONSTANT_CONVERSION = YES;
				CLANG_WARN_DEPRECATED_OBJC_IMPLEMENTATIONS = YES;
				CLANG_WARN_DIRECT_OBJC_ISA_USAGE = YES_ERROR;
				CLANG_WARN_DOCUMENTATION_COMMENTS = YES;
				CLANG_WARN_EMPTY_BODY = YES;
				CLANG_WARN_ENUM_CONVERSION = YES;
				CLANG_WARN_INFINITE_RECURSION = YES;
				CLANG_WARN_INT_CONVERSION = YES;
				CLANG_WARN_NON_LITERAL_NULL_CONVERSION = YES;
				CLANG_WARN_OBJC_IMPLICIT_RETAIN_SELF = YES;
				CLANG_WARN_OBJC_LITERAL_CONVERSION = YES;
				CLANG_WARN_OBJC_ROOT_CLASS = YES_ERROR;
				CLANG_WARN_QUOTED_INCLUDE_IN_FRAMEWORK_HEADER = YES;
				CLANG_WARN_RANGE_LOOP_ANALYSIS = YES;
				CLANG_WARN_STRICT_PROTOTYPES = YES;
				CLANG_WARN_SUSPICIOUS_MOVE = YES;
				CLANG_WARN_UNGUARDED_AVAILABILITY = YES_AGGRESSIVE;
				CLANG_WARN_UNREACHABLE_CODE = YES;
				CLANG_WARN__DUPLICATE_METHOD_MATCH = YES;
				COPY_PHASE_STRIP = NO;
				DEBUG_INFORMATION_FORMAT = dwarf;
				ENABLE_STRICT_OBJC_MSGSEND = YES;
				ENABLE_TESTABILITY = YES;
				GCC_C_LANGUAGE_STANDARD = gnu11;
				GCC_DYNAMIC_NO_PIC = NO;
				GCC_NO_COMMON_BLOCKS = YES;
				GCC_OPTIMIZATION_LEVEL = 0;
				GCC_PREPROCESSOR_DEFINITIONS = (
					"DEBUG=1",
					"$(inherited)",
				);
				GCC_WARN_64_TO_32_BIT_CONVERSION = YES;
				GCC_WARN_ABOUT_RETURN_TYPE = YES_ERROR;
				GCC_WARN_UNDECLARED_SELECTOR = YES;
				GCC_WARN_UNINITIALIZED_AUTOS = YES_AGGRESSIVE;
				GCC_WARN_UNUSED_FUNCTION = YES;
				GCC_WARN_UNUSED_VARIABLE = YES;
				IPHONEOS_DEPLOYMENT_TARGET = 16.2;
				MTL_ENABLE_DEBUG_INFO = INCLUDE_SOURCE;
				MTL_FAST_MATH = YES;
				ONLY_ACTIVE_ARCH = YES;
				SDKROOT = iphoneos;
			};
			name = Debug;
		};
		2A3F40E029924F91001BA2BB /* Release */ = {
			isa = XCBuildConfiguration;
			buildSettings = {
				ALWAYS_SEARCH_USER_PATHS = NO;
				CLANG_ANALYZER_NONNULL = YES;
				CLANG_ANALYZER_NUMBER_OBJECT_CONVERSION = YES_AGGRESSIVE;
				CLANG_CXX_LANGUAGE_STANDARD = "gnu++20";
				CLANG_ENABLE_MODULES = YES;
				CLANG_ENABLE_OBJC_ARC = YES;
				CLANG_ENABLE_OBJC_WEAK = YES;
				CLANG_WARN_BLOCK_CAPTURE_AUTORELEASING = YES;
				CLANG_WARN_BOOL_CONVERSION = YES;
				CLANG_WARN_COMMA = YES;
				CLANG_WARN_CONSTANT_CONVERSION = YES;
				CLANG_WARN_DEPRECATED_OBJC_IMPLEMENTATIONS = YES;
				CLANG_WARN_DIRECT_OBJC_ISA_USAGE = YES_ERROR;
				CLANG_WARN_DOCUMENTATION_COMMENTS = YES;
				CLANG_WARN_EMPTY_BODY = YES;
				CLANG_WARN_ENUM_CONVERSION = YES;
				CLANG_WARN_INFINITE_RECURSION = YES;
				CLANG_WARN_INT_CONVERSION = YES;
				CLANG_WARN_NON_LITERAL_NULL_CONVERSION = YES;
				CLANG_WARN_OBJC_IMPLICIT_RETAIN_SELF = YES;
				CLANG_WARN_OBJC_LITERAL_CONVERSION = YES;
				CLANG_WARN_OBJC_ROOT_CLASS = YES_ERROR;
				CLANG_WARN_QUOTED_INCLUDE_IN_FRAMEWORK_HEADER = YES;
				CLANG_WARN_RANGE_LOOP_ANALYSIS = YES;
				CLANG_WARN_STRICT_PROTOTYPES = YES;
				CLANG_WARN_SUSPICIOUS_MOVE = YES;
				CLANG_WARN_UNGUARDED_AVAILABILITY = YES_AGGRESSIVE;
				CLANG_WARN_UNREACHABLE_CODE = YES;
				CLANG_WARN__DUPLICATE_METHOD_MATCH = YES;
				COPY_PHASE_STRIP = NO;
				DEBUG_INFORMATION_FORMAT = "dwarf-with-dsym";
				ENABLE_NS_ASSERTIONS = NO;
				ENABLE_STRICT_OBJC_MSGSEND = YES;
				GCC_C_LANGUAGE_STANDARD = gnu11;
				GCC_NO_COMMON_BLOCKS = YES;
				GCC_WARN_64_TO_32_BIT_CONVERSION = YES;
				GCC_WARN_ABOUT_RETURN_TYPE = YES_ERROR;
				GCC_WARN_UNDECLARED_SELECTOR = YES;
				GCC_WARN_UNINITIALIZED_AUTOS = YES_AGGRESSIVE;
				GCC_WARN_UNUSED_FUNCTION = YES;
				GCC_WARN_UNUSED_VARIABLE = YES;
				IPHONEOS_DEPLOYMENT_TARGET = 16.2;
				MTL_ENABLE_DEBUG_INFO = NO;
				MTL_FAST_MATH = YES;
				SDKROOT = iphoneos;
				VALIDATE_PRODUCT = YES;
			};
			name = Release;
		};
		2A3F40E229924F91001BA2BB /* Debug */ = {
			isa = XCBuildConfiguration;
			buildSettings = {
				ASSETCATALOG_COMPILER_APPICON_NAME = AppIcon;
				ASSETCATALOG_COMPILER_GLOBAL_ACCENT_COLOR_NAME = AccentColor;
				CODE_SIGN_STYLE = Automatic;
				CURRENT_PROJECT_VERSION = 1;
				GENERATE_INFOPLIST_FILE = YES;
				INFOPLIST_FILE = iOSGCD/Info.plist;
				INFOPLIST_KEY_UIApplicationSupportsIndirectInputEvents = YES;
				INFOPLIST_KEY_UILaunchStoryboardName = LaunchScreen;
				INFOPLIST_KEY_UIMainStoryboardFile = Main;
				INFOPLIST_KEY_UISupportedInterfaceOrientations_iPad = "UIInterfaceOrientationPortrait UIInterfaceOrientationPortraitUpsideDown UIInterfaceOrientationLandscapeLeft UIInterfaceOrientationLandscapeRight";
				INFOPLIST_KEY_UISupportedInterfaceOrientations_iPhone = "UIInterfaceOrientationPortrait UIInterfaceOrientationLandscapeLeft UIInterfaceOrientationLandscapeRight";
				LD_RUNPATH_SEARCH_PATHS = (
					"$(inherited)",
					"@executable_path/Frameworks",
				);
				MARKETING_VERSION = 1.0;
				PRODUCT_BUNDLE_IDENTIFIER = "-11111.iOSGCD";
				PRODUCT_NAME = "$(TARGET_NAME)";
				SWIFT_EMIT_LOC_STRINGS = YES;
				TARGETED_DEVICE_FAMILY = "1,2";
			};
			name = Debug;
		};
		2A3F40E329924F91001BA2BB /* Release */ = {
			isa = XCBuildConfiguration;
			buildSettings = {
				ASSETCATALOG_COMPILER_APPICON_NAME = AppIcon;
				ASSETCATALOG_COMPILER_GLOBAL_ACCENT_COLOR_NAME = AccentColor;
				CODE_SIGN_STYLE = Automatic;
				CURRENT_PROJECT_VERSION = 1;
				GENERATE_INFOPLIST_FILE = YES;
				INFOPLIST_FILE = iOSGCD/Info.plist;
				INFOPLIST_KEY_UIApplicationSupportsIndirectInputEvents = YES;
				INFOPLIST_KEY_UILaunchStoryboardName = LaunchScreen;
				INFOPLIST_KEY_UIMainStoryboardFile = Main;
				INFOPLIST_KEY_UISupportedInterfaceOrientations_iPad = "UIInterfaceOrientationPortrait UIInterfaceOrientationPortraitUpsideDown UIInterfaceOrientationLandscapeLeft UIInterfaceOrientationLandscapeRight";
				INFOPLIST_KEY_UISupportedInterfaceOrientations_iPhone = "UIInterfaceOrientationPortrait UIInterfaceOrientationLandscapeLeft UIInterfaceOrientationLandscapeRight";
				LD_RUNPATH_SEARCH_PATHS = (
					"$(inherited)",
					"@executable_path/Frameworks",
				);
				MARKETING_VERSION = 1.0;
				PRODUCT_BUNDLE_IDENTIFIER = "-11111.iOSGCD";
				PRODUCT_NAME = "$(TARGET_NAME)";
				SWIFT_EMIT_LOC_STRINGS = YES;
				TARGETED_DEVICE_FAMILY = "1,2";
			};
			name = Release;
		};
		2A3F40E529924F91001BA2BB /* Debug */ = {
			isa = XCBuildConfiguration;
			buildSettings = {
				BUNDLE_LOADER = "$(TEST_HOST)";
				CODE_SIGN_STYLE = Automatic;
				CURRENT_PROJECT_VERSION = 1;
				GENERATE_INFOPLIST_FILE = YES;
				IPHONEOS_DEPLOYMENT_TARGET = 16.2;
				MARKETING_VERSION = 1.0;
				PRODUCT_BUNDLE_IDENTIFIER = "-11111.iOSGCDTests";
				PRODUCT_NAME = "$(TARGET_NAME)";
				SWIFT_EMIT_LOC_STRINGS = NO;
				TARGETED_DEVICE_FAMILY = "1,2";
				TEST_HOST = "$(BUILT_PRODUCTS_DIR)/iOSGCD.app/$(BUNDLE_EXECUTABLE_FOLDER_PATH)/iOSGCD";
			};
			name = Debug;
		};
		2A3F40E629924F91001BA2BB /* Release */ = {
			isa = XCBuildConfiguration;
			buildSettings = {
				BUNDLE_LOADER = "$(TEST_HOST)";
				CODE_SIGN_STYLE = Automatic;
				CURRENT_PROJECT_VERSION = 1;
				GENERATE_INFOPLIST_FILE = YES;
				IPHONEOS_DEPLOYMENT_TARGET = 16.2;
				MARKETING_VERSION = 1.0;
				PRODUCT_BUNDLE_IDENTIFIER = "-11111.iOSGCDTests";
				PRODUCT_NAME = "$(TARGET_NAME)";
				SWIFT_EMIT_LOC_STRINGS = NO;
				TARGETED_DEVICE_FAMILY = "1,2";
				TEST_HOST = "$(BUILT_PRODUCTS_DIR)/iOSGCD.app/$(BUNDLE_EXECUTABLE_FOLDER_PATH)/iOSGCD";
			};
			name = Release;
		};
		2A3F40E829924F91001BA2BB /* Debug */ = {
			isa = XCBuildConfiguration;
			buildSettings = {
				CODE_SIGN_STYLE = Automatic;
				CURRENT_PROJECT_VERSION = 1;
				GENERATE_INFOPLIST_FILE = YES;
				MARKETING_VERSION = 1.0;
				PRODUCT_BUNDLE_IDENTIFIER = "-11111.iOSGCDUITests";
				PRODUCT_NAME = "$(TARGET_NAME)";
				SWIFT_EMIT_LOC_STRINGS = NO;
				TARGETED_DEVICE_FAMILY = "1,2";
				TEST_TARGET_NAME = iOSGCD;
			};
			name = Debug;
		};
		2A3F40E929924F91001BA2BB /* Release */ = {
			isa = XCBuildConfiguration;
			buildSettings = {
				CODE_SIGN_STYLE = Automatic;
				CURRENT_PROJECT_VERSION = 1;
				GENERATE_INFOPLIST_FILE = YES;
				MARKETING_VERSION = 1.0;
				PRODUCT_BUNDLE_IDENTIFIER = "-11111.iOSGCDUITests";
				PRODUCT_NAME = "$(TARGET_NAME)";
				SWIFT_EMIT_LOC_STRINGS = NO;
				TARGETED_DEVICE_FAMILY = "1,2";
				TEST_TARGET_NAME = iOSGCD;
			};
			name = Release;
		};
/* End XCBuildConfiguration section */

/* Begin XCConfigurationList section */
		2A3F40AD29924F8F001BA2BB /* Build configuration list for PBXProject "iOSGCD" */ = {
			isa = XCConfigurationList;
			buildConfigurations = (
				2A3F40DF29924F91001BA2BB /* Debug */,
				2A3F40E029924F91001BA2BB /* Release */,
			);
			defaultConfigurationIsVisible = 0;
			defaultConfigurationName = Release;
		};
		2A3F40E129924F91001BA2BB /* Build configuration list for PBXNativeTarget "iOSGCD" */ = {
			isa = XCConfigurationList;
			buildConfigurations = (
				2A3F40E229924F91001BA2BB /* Debug */,
				2A3F40E329924F91001BA2BB /* Release */,
			);
			defaultConfigurationIsVisible = 0;
			defaultConfigurationName = Release;
		};
		2A3F40E429924F91001BA2BB /* Build configuration list for PBXNativeTarget "iOSGCDTests" */ = {
			isa = XCConfigurationList;
			buildConfigurations = (
				2A3F40E529924F91001BA2BB /* Debug */,
				2A3F40E629924F91001BA2BB /* Release */,
			);
			defaultConfigurationIsVisible = 0;
			defaultConfigurationName = Release;
		};
		2A3F40E729924F91001BA2BB /* Build configuration list for PBXNativeTarget "iOSGCDUITests" */ = {
			isa = XCConfigurationList;
			buildConfigurations = (
				2A3F40E829924F91001BA2BB /* Debug */,
				2A3F40E929924F91001BA2BB /* Release */,
			);
			defaultConfigurationIsVisible = 0;
			defaultConfigurationName = Release;
		};
/* End XCConfigurationList section */
	};
	rootObject = 2A3F40AA29924F8F001BA2BB /* Project object */;
}
